
Microsoft Visual Studio Solution File, Format Version 12.00
# Visual Studio Version 17
VisualStudioVersion = 17.9.34728.123
MinimumVisualStudioVersion = 10.0.40219.1
Project("{9A19103F-16F7-4668-BE54-9A1E7A4F7556}") = "PaymentSystem", "PaymentSystem.csproj", "{112ED1E3-2E57-4A38-B1AF-04A34637D849}"
EndProject
Project("{9A19103F-16F7-4668-BE54-9A1E7A4F7556}") = "PaymentSystem.Services", "PaymentSystem.Services\PaymentSystem.Services.csproj", "{D853971C-542E-42A7-976B-61C50C203C59}"
EndProject
Project("{9A19103F-16F7-4668-BE54-9A1E7A4F7556}") = "PaymentSystem.DataLayer", "PaymentSystem.DataLayer\PaymentSystem.DataLayer.csproj", "{25B23D0B-6EE5-4680-864B-98CB257AF3F1}"
EndProject
Global
	GlobalSection(SolutionConfigurationPlatforms) = preSolution
		Debug|Any CPU = Debug|Any CPU
		Release|Any CPU = Release|Any CPU
	EndGlobalSection
	GlobalSection(ProjectConfigurationPlatforms) = postSolution
		{112ED1E3-2E57-4A38-B1AF-04A34637D849}.Debug|Any CPU.ActiveCfg = Debug|Any CPU
		{112ED1E3-2E57-4A38-B1AF-04A34637D849}.Debug|Any CPU.Build.0 = Debug|Any CPU
		{112ED1E3-2E57-4A38-B1AF-04A34637D849}.Release|Any CPU.ActiveCfg = Release|Any CPU
		{112ED1E3-2E57-4A38-B1AF-04A34637D849}.Release|Any CPU.Build.0 = Release|Any CPU
		{D853971C-542E-42A7-976B-61C50C203C59}.Debug|Any CPU.ActiveCfg = Debug|Any CPU
		{D853971C-542E-42A7-976B-61C50C203C59}.Debug|Any CPU.Build.0 = Debug|Any CPU
		{D853971C-542E-42A7-976B-61C50C203C59}.Release|Any CPU.ActiveCfg = Release|Any CPU
		{D853971C-542E-42A7-976B-61C50C203C59}.Release|Any CPU.Build.0 = Release|Any CPU
		{25B23D0B-6EE5-4680-864B-98CB257AF3F1}.Debug|Any CPU.ActiveCfg = Debug|Any CPU
		{25B23D0B-6EE5-4680-864B-98CB257AF3F1}.Debug|Any CPU.Build.0 = Debug|Any CPU
		{25B23D0B-6EE5-4680-864B-98CB257AF3F1}.Release|Any CPU.ActiveCfg = Release|Any CPU
		{25B23D0B-6EE5-4680-864B-98CB257AF3F1}.Release|Any CPU.Build.0 = Release|Any CPU
	EndGlobalSection
	GlobalSection(SolutionProperties) = preSolution
		HideSolutionNode = FALSE
	EndGlobalSection
	GlobalSection(ExtensibilityGlobals) = postSolution
		SolutionGuid = {5DF9B6F3-8930-4D35-9417-39DE766011EC}
	EndGlobalSection
EndGlobal
